{
  "version": 4,
  "terraform_version": "1.5.7",
  "serial": 31,
  "lineage": "b0f99216-da6a-f249-0b23-379c262c7f26",
  "outputs": {},
  "resources": [
    {
      "mode": "data",
      "type": "confluent_ip_addresses",
      "name": "confluent_egress",
      "provider": "provider[\"registry.terraform.io/confluentinc/confluent\"]",
      "instances": [
        {
          "schema_version": 0,
          "attributes": {
            "filter": [
              {
                "address_types": [
                  "EGRESS"
                ],
                "clouds": [
                  "AWS"
                ],
                "regions": [
                  "us-east-2"
                ],
                "services": [
                  "CONNECT"
                ]
              }
            ],
            "id": "1772586233",
            "ip_addresses": [
              {
                "address_type": "EGRESS",
                "api_version": "networking/v1",
                "cloud": "AWS",
                "ip_prefix": "3.14.223.77/32",
                "kind": "IpAddress",
                "region": "us-east-2",
                "services": [
                  "KAFKA",
                  "CONNECT"
                ]
              },
              {
                "address_type": "EGRESS",
                "api_version": "networking/v1",
                "cloud": "AWS",
                "ip_prefix": "3.19.107.110/32",
                "kind": "IpAddress",
                "region": "us-east-2",
                "services": [
                  "KAFKA",
                  "CONNECT"
                ]
              },
              {
                "address_type": "EGRESS",
                "api_version": "networking/v1",
                "cloud": "AWS",
                "ip_prefix": "3.22.131.240/32",
                "kind": "IpAddress",
                "region": "us-east-2",
                "services": [
                  "KAFKA",
                  "CONNECT"
                ]
              },
              {
                "address_type": "EGRESS",
                "api_version": "networking/v1",
                "cloud": "AWS",
                "ip_prefix": "3.130.86.195/32",
                "kind": "IpAddress",
                "region": "us-east-2",
                "services": [
                  "KAFKA",
                  "CONNECT"
                ]
              },
              {
                "address_type": "EGRESS",
                "api_version": "networking/v1",
                "cloud": "AWS",
                "ip_prefix": "3.135.41.119/32",
                "kind": "IpAddress",
                "region": "us-east-2",
                "services": [
                  "KAFKA",
                  "CONNECT"
                ]
              },
              {
                "address_type": "EGRESS",
                "api_version": "networking/v1",
                "cloud": "AWS",
                "ip_prefix": "3.135.84.248/32",
                "kind": "IpAddress",
                "region": "us-east-2",
                "services": [
                  "KAFKA",
                  "CONNECT"
                ]
              },
              {
                "address_type": "EGRESS",
                "api_version": "networking/v1",
                "cloud": "AWS",
                "ip_prefix": "3.141.214.8/32",
                "kind": "IpAddress",
                "region": "us-east-2",
                "services": [
                  "KAFKA",
                  "CONNECT"
                ]
              },
              {
                "address_type": "EGRESS",
                "api_version": "networking/v1",
                "cloud": "AWS",
                "ip_prefix": "3.141.249.111/32",
                "kind": "IpAddress",
                "region": "us-east-2",
                "services": [
                  "KAFKA",
                  "CONNECT"
                ]
              },
              {
                "address_type": "EGRESS",
                "api_version": "networking/v1",
                "cloud": "AWS",
                "ip_prefix": "3.142.20.221/32",
                "kind": "IpAddress",
                "region": "us-east-2",
                "services": [
                  "KAFKA",
                  "CONNECT"
                ]
              },
              {
                "address_type": "EGRESS",
                "api_version": "networking/v1",
                "cloud": "AWS",
                "ip_prefix": "3.142.170.223/32",
                "kind": "IpAddress",
                "region": "us-east-2",
                "services": [
                  "KAFKA",
                  "CONNECT"
                ]
              },
              {
                "address_type": "EGRESS",
                "api_version": "networking/v1",
                "cloud": "AWS",
                "ip_prefix": "13.58.159.211/32",
                "kind": "IpAddress",
                "region": "us-east-2",
                "services": [
                  "KAFKA",
                  "CONNECT"
                ]
              },
              {
                "address_type": "EGRESS",
                "api_version": "networking/v1",
                "cloud": "AWS",
                "ip_prefix": "18.118.245.48/32",
                "kind": "IpAddress",
                "region": "us-east-2",
                "services": [
                  "KAFKA",
                  "CONNECT"
                ]
              },
              {
                "address_type": "EGRESS",
                "api_version": "networking/v1",
                "cloud": "AWS",
                "ip_prefix": "18.119.83.241/32",
                "kind": "IpAddress",
                "region": "us-east-2",
                "services": [
                  "KAFKA",
                  "CONNECT"
                ]
              },
              {
                "address_type": "EGRESS",
                "api_version": "networking/v1",
                "cloud": "AWS",
                "ip_prefix": "18.189.121.248/32",
                "kind": "IpAddress",
                "region": "us-east-2",
                "services": [
                  "KAFKA",
                  "CONNECT"
                ]
              },
              {
                "address_type": "EGRESS",
                "api_version": "networking/v1",
                "cloud": "AWS",
                "ip_prefix": "18.190.10.253/32",
                "kind": "IpAddress",
                "region": "us-east-2",
                "services": [
                  "KAFKA",
                  "CONNECT"
                ]
              },
              {
                "address_type": "EGRESS",
                "api_version": "networking/v1",
                "cloud": "AWS",
                "ip_prefix": "18.216.32.160/32",
                "kind": "IpAddress",
                "region": "us-east-2",
                "services": [
                  "KAFKA",
                  "CONNECT"
                ]
              }
            ]
          },
          "sensitive_attributes": []
        }
      ]
    },
    {
      "mode": "managed",
      "type": "confluent_api_key",
      "name": "app_manager_key",
      "provider": "provider[\"registry.terraform.io/confluentinc/confluent\"]",
      "instances": [
        {
          "schema_version": 0,
          "attributes": {
            "description": "",
            "disable_wait_for_ready": false,
            "display_name": "app-manager-key",
            "id": "52QWH2WATU7D5OIT",
            "managed_resource": [
              {
                "api_version": "cmk/v2",
                "environment": [
                  {
                    "id": "env-ykx1ro"
                  }
                ],
                "id": "lkc-mrgz22",
                "kind": "Cluster"
              }
            ],
            "owner": [
              {
                "api_version": "iam/v2",
                "id": "sa-nvm8zx6",
                "kind": "ServiceAccount"
              }
            ],
            "secret": "cfltTubDme8DQ7ZozYfCcnL/576SrXfulh3SYtUlhEgdxLoelqx7tquAoRL/jE/w"
          },
          "sensitive_attributes": [],
          "private": "bnVsbA==",
          "dependencies": [
            "confluent_environment.demo",
            "confluent_kafka_cluster.standard",
            "confluent_service_account.app_manager"
          ]
        }
      ]
    },
    {
      "mode": "managed",
      "type": "confluent_connector",
      "name": "datagen",
      "provider": "provider[\"registry.terraform.io/confluentinc/confluent\"]",
      "instances": [
        {
          "schema_version": 0,
          "attributes": {
            "config_nonsensitive": {
              "connector.class": "DatagenSource",
              "kafka.topic": "stock-trades",
              "name": "Datagen_Stock_Trades_V2",
              "output.data.format": "AVRO",
              "quickstart": "STOCK_TRADES",
              "tasks.max": "1"
            },
            "config_sensitive": {
              "kafka.api.key": "52QWH2WATU7D5OIT",
              "kafka.api.secret": "cfltTubDme8DQ7ZozYfCcnL/576SrXfulh3SYtUlhEgdxLoelqx7tquAoRL/jE/w"
            },
            "environment": [
              {
                "id": "env-ykx1ro"
              }
            ],
            "id": "lcc-8n6ym5",
            "kafka_cluster": [
              {
                "id": "lkc-mrgz22"
              }
            ],
            "offsets": [],
            "status": "RUNNING",
            "timeouts": null
          },
          "sensitive_attributes": [
            [
              {
                "type": "get_attr",
                "value": "config_sensitive"
              },
              {
                "type": "index",
                "value": {
                  "value": "kafka.api.secret",
                  "type": "string"
                }
              }
            ]
          ],
          "private": "eyJlMmJmYjczMC1lY2FhLTExZTYtOGY4OC0zNDM2M2JjN2M0YzAiOnsiY3JlYXRlIjo4NjQwMDAwMDAwMDAwMH19",
          "dependencies": [
            "confluent_api_key.app_manager_key",
            "confluent_environment.demo",
            "confluent_kafka_cluster.standard",
            "confluent_kafka_topic.trades",
            "confluent_role_binding.app_manager_rbac",
            "data.confluent_ip_addresses.confluent_egress",
            "mongodbatlas_database_user.db_user",
            "mongodbatlas_project.trading_project",
            "mongodbatlas_project_ip_access_list.confluent_whitelist"
          ]
        }
      ]
    },
    {
      "mode": "managed",
      "type": "confluent_environment",
      "name": "demo",
      "provider": "provider[\"registry.terraform.io/confluentinc/confluent\"]",
      "instances": [
        {
          "schema_version": 0,
          "attributes": {
            "display_name": "Trading_Data_Env",
            "id": "env-ykx1ro",
            "resource_name": "crn://confluent.cloud/organization=5ad01170-a44d-481a-9bc0-d53d60df36fe/environment=env-ykx1ro",
            "stream_governance": [
              {
                "package": "ESSENTIALS"
              }
            ]
          },
          "sensitive_attributes": [],
          "private": "bnVsbA=="
        }
      ]
    },
    {
      "mode": "managed",
      "type": "confluent_kafka_cluster",
      "name": "standard",
      "provider": "provider[\"registry.terraform.io/confluentinc/confluent\"]",
      "instances": [
        {
          "schema_version": 1,
          "attributes": {
            "api_version": "cmk/v2",
            "availability": "SINGLE_ZONE",
            "basic": [],
            "bootstrap_endpoint": "SASL_SSL://pkc-921jm.us-east-2.aws.confluent.cloud:9092",
            "byok_key": [
              {
                "id": ""
              }
            ],
            "cloud": "AWS",
            "dedicated": [],
            "display_name": "stock_trades_cluster",
            "endpoints": [],
            "enterprise": [],
            "environment": [
              {
                "id": "env-ykx1ro"
              }
            ],
            "freight": [],
            "id": "lkc-mrgz22",
            "kind": "Cluster",
            "network": [
              {
                "id": ""
              }
            ],
            "rbac_crn": "crn://confluent.cloud/organization=5ad01170-a44d-481a-9bc0-d53d60df36fe/environment=env-ykx1ro/cloud-cluster=lkc-mrgz22",
            "region": "us-east-2",
            "rest_endpoint": "https://pkc-921jm.us-east-2.aws.confluent.cloud:443",
            "standard": [
              {
                "max_ecku": 10
              }
            ],
            "timeouts": null
          },
          "sensitive_attributes": [],
          "private": "eyJlMmJmYjczMC1lY2FhLTExZTYtOGY4OC0zNDM2M2JjN2M0YzAiOnsiY3JlYXRlIjoyNTkyMDAwMDAwMDAwMDAsInVwZGF0ZSI6MjU5MjAwMDAwMDAwMDAwfSwic2NoZW1hX3ZlcnNpb24iOiIxIn0=",
          "dependencies": [
            "confluent_environment.demo"
          ]
        }
      ]
    },
    {
      "mode": "managed",
      "type": "confluent_kafka_topic",
      "name": "trades",
      "provider": "provider[\"registry.terraform.io/confluentinc/confluent\"]",
      "instances": [
        {
          "schema_version": 2,
          "attributes": {
            "config": {},
            "credentials": [
              {
                "key": "52QWH2WATU7D5OIT",
                "secret": "cfltTubDme8DQ7ZozYfCcnL/576SrXfulh3SYtUlhEgdxLoelqx7tquAoRL/jE/w"
              }
            ],
            "id": "lkc-mrgz22/stock-trades",
            "kafka_cluster": [
              {
                "id": "lkc-mrgz22"
              }
            ],
            "partitions_count": 6,
            "rest_endpoint": "https://pkc-921jm.us-east-2.aws.confluent.cloud:443",
            "topic_name": "stock-trades"
          },
          "sensitive_attributes": [
            [
              {
                "type": "get_attr",
                "value": "credentials"
              },
              {
                "type": "index",
                "value": {
                  "value": 0,
                  "type": "number"
                }
              },
              {
                "type": "get_attr",
                "value": "secret"
              }
            ]
          ],
          "private": "eyJzY2hlbWFfdmVyc2lvbiI6IjIifQ==",
          "dependencies": [
            "confluent_api_key.app_manager_key",
            "confluent_environment.demo",
            "confluent_kafka_cluster.standard",
            "confluent_service_account.app_manager"
          ]
        }
      ]
    },
    {
      "mode": "managed",
      "type": "confluent_role_binding",
      "name": "app_manager_rbac",
      "provider": "provider[\"registry.terraform.io/confluentinc/confluent\"]",
      "instances": [
        {
          "schema_version": 0,
          "attributes": {
            "crn_pattern": "crn://confluent.cloud/organization=5ad01170-a44d-481a-9bc0-d53d60df36fe/environment=env-ykx1ro/cloud-cluster=lkc-mrgz22",
            "disable_wait_for_ready": false,
            "id": "rb-z230PR",
            "principal": "User:sa-nvm8zx6",
            "role_name": "CloudClusterAdmin"
          },
          "sensitive_attributes": [],
          "private": "bnVsbA==",
          "dependencies": [
            "confluent_environment.demo",
            "confluent_kafka_cluster.standard",
            "confluent_service_account.app_manager"
          ]
        }
      ]
    },
    {
      "mode": "managed",
      "type": "confluent_service_account",
      "name": "app_manager",
      "provider": "provider[\"registry.terraform.io/confluentinc/confluent\"]",
      "instances": [
        {
          "schema_version": 0,
          "attributes": {
            "api_version": "iam/v2",
            "description": "",
            "display_name": "app-manager",
            "id": "sa-nvm8zx6",
            "kind": "ServiceAccount"
          },
          "sensitive_attributes": [],
          "private": "bnVsbA=="
        }
      ]
    },
    {
      "mode": "managed",
      "type": "mongodbatlas_database_user",
      "name": "db_user",
      "provider": "provider[\"registry.terraform.io/mongodb/mongodbatlas\"]",
      "instances": [
        {
          "schema_version": 0,
          "attributes": {
            "auth_database_name": "admin",
            "aws_iam_type": "NONE",
            "description": null,
            "id": "YXV0aF9kYXRhYmFzZV9uYW1l:YWRtaW4=-cHJvamVjdF9pZA==:NjlhNzg0ZmY3MTYxYzQ1NzdmMTk2MWEw-dXNlcm5hbWU=:andmYmVhbi1kZW1v",
            "labels": [],
            "ldap_auth_type": "NONE",
            "oidc_auth_type": "NONE",
            "password": "i-am-super-secure-123",
            "project_id": "69a784ff7161c4577f1961a0",
            "roles": [
              {
                "collection_name": null,
                "database_name": "trading_data",
                "role_name": "readWrite"
              }
            ],
            "scopes": [],
            "username": "jwfbean-demo",
            "x509_type": "NONE"
          },
          "sensitive_attributes": [
            [
              {
                "type": "get_attr",
                "value": "password"
              }
            ]
          ],
          "dependencies": [
            "mongodbatlas_project.trading_project"
          ]
        }
      ]
    },
    {
      "mode": "managed",
      "type": "mongodbatlas_project",
      "name": "trading_project",
      "provider": "provider[\"registry.terraform.io/mongodb/mongodbatlas\"]",
      "instances": [
        {
          "schema_version": 0,
          "attributes": {
            "cluster_count": 0,
            "created": "2026-03-04T01:04:00Z",
            "id": "69a784ff7161c4577f1961a0",
            "ip_addresses": {
              "services": {
                "clusters": []
              }
            },
            "is_collect_database_specifics_statistics_enabled": true,
            "is_data_explorer_enabled": true,
            "is_extended_storage_sizes_enabled": false,
            "is_performance_advisor_enabled": true,
            "is_realtime_performance_panel_enabled": true,
            "is_schema_advisor_enabled": true,
            "is_slow_operation_thresholding_enabled": true,
            "limits": [],
            "name": "Stock_Trading_Project",
            "org_id": "697006503ef4f940cb07ae96",
            "project_owner_id": null,
            "region_usage_restrictions": null,
            "tags": null,
            "teams": [],
            "with_default_alerts_settings": true
          },
          "sensitive_attributes": []
        }
      ]
    },
    {
      "mode": "managed",
      "type": "mongodbatlas_project_ip_access_list",
      "name": "confluent_whitelist",
      "provider": "provider[\"registry.terraform.io/mongodb/mongodbatlas\"]",
      "instances": [
        {
          "index_key": "13.58.159.211/32",
          "schema_version": 0,
          "attributes": {
            "aws_security_group": "",
            "cidr_block": "13.58.159.211/32",
            "comment": "Managed by Terraform: Confluent Cloud Connector Egress IP",
            "id": "ZW50cnk=:MTMuNTguMTU5LjIxMS8zMg==-cHJvamVjdF9pZA==:NjlhNzg0ZmY3MTYxYzQ1NzdmMTk2MWEw",
            "ip_address": "13.58.159.211",
            "project_id": "69a784ff7161c4577f1961a0",
            "timeouts": null
          },
          "sensitive_attributes": [],
          "dependencies": [
            "data.confluent_ip_addresses.confluent_egress",
            "mongodbatlas_project.trading_project"
          ]
        },
        {
          "index_key": "18.118.245.48/32",
          "schema_version": 0,
          "attributes": {
            "aws_security_group": "",
            "cidr_block": "18.118.245.48/32",
            "comment": "Managed by Terraform: Confluent Cloud Connector Egress IP",
            "id": "ZW50cnk=:MTguMTE4LjI0NS40OC8zMg==-cHJvamVjdF9pZA==:NjlhNzg0ZmY3MTYxYzQ1NzdmMTk2MWEw",
            "ip_address": "18.118.245.48",
            "project_id": "69a784ff7161c4577f1961a0",
            "timeouts": null
          },
          "sensitive_attributes": [],
          "dependencies": [
            "data.confluent_ip_addresses.confluent_egress",
            "mongodbatlas_project.trading_project"
          ]
        },
        {
          "index_key": "18.119.83.241/32",
          "schema_version": 0,
          "attributes": {
            "aws_security_group": "",
            "cidr_block": "18.119.83.241/32",
            "comment": "Managed by Terraform: Confluent Cloud Connector Egress IP",
            "id": "ZW50cnk=:MTguMTE5LjgzLjI0MS8zMg==-cHJvamVjdF9pZA==:NjlhNzg0ZmY3MTYxYzQ1NzdmMTk2MWEw",
            "ip_address": "18.119.83.241",
            "project_id": "69a784ff7161c4577f1961a0",
            "timeouts": null
          },
          "sensitive_attributes": [],
          "dependencies": [
            "data.confluent_ip_addresses.confluent_egress",
            "mongodbatlas_project.trading_project"
          ]
        },
        {
          "index_key": "18.189.121.248/32",
          "schema_version": 0,
          "attributes": {
            "aws_security_group": "",
            "cidr_block": "18.189.121.248/32",
            "comment": "Managed by Terraform: Confluent Cloud Connector Egress IP",
            "id": "ZW50cnk=:MTguMTg5LjEyMS4yNDgvMzI=-cHJvamVjdF9pZA==:NjlhNzg0ZmY3MTYxYzQ1NzdmMTk2MWEw",
            "ip_address": "18.189.121.248",
            "project_id": "69a784ff7161c4577f1961a0",
            "timeouts": null
          },
          "sensitive_attributes": [],
          "dependencies": [
            "data.confluent_ip_addresses.confluent_egress",
            "mongodbatlas_project.trading_project"
          ]
        },
        {
          "index_key": "18.190.10.253/32",
          "schema_version": 0,
          "attributes": {
            "aws_security_group": "",
            "cidr_block": "18.190.10.253/32",
            "comment": "Managed by Terraform: Confluent Cloud Connector Egress IP",
            "id": "ZW50cnk=:MTguMTkwLjEwLjI1My8zMg==-cHJvamVjdF9pZA==:NjlhNzg0ZmY3MTYxYzQ1NzdmMTk2MWEw",
            "ip_address": "18.190.10.253",
            "project_id": "69a784ff7161c4577f1961a0",
            "timeouts": null
          },
          "sensitive_attributes": [],
          "dependencies": [
            "data.confluent_ip_addresses.confluent_egress",
            "mongodbatlas_project.trading_project"
          ]
        },
        {
          "index_key": "18.216.32.160/32",
          "schema_version": 0,
          "attributes": {
            "aws_security_group": "",
            "cidr_block": "18.216.32.160/32",
            "comment": "Managed by Terraform: Confluent Cloud Connector Egress IP",
            "id": "ZW50cnk=:MTguMjE2LjMyLjE2MC8zMg==-cHJvamVjdF9pZA==:NjlhNzg0ZmY3MTYxYzQ1NzdmMTk2MWEw",
            "ip_address": "18.216.32.160",
            "project_id": "69a784ff7161c4577f1961a0",
            "timeouts": null
          },
          "sensitive_attributes": [],
          "dependencies": [
            "data.confluent_ip_addresses.confluent_egress",
            "mongodbatlas_project.trading_project"
          ]
        },
        {
          "index_key": "3.130.86.195/32",
          "schema_version": 0,
          "attributes": {
            "aws_security_group": "",
            "cidr_block": "3.130.86.195/32",
            "comment": "Managed by Terraform: Confluent Cloud Connector Egress IP",
            "id": "ZW50cnk=:My4xMzAuODYuMTk1LzMy-cHJvamVjdF9pZA==:NjlhNzg0ZmY3MTYxYzQ1NzdmMTk2MWEw",
            "ip_address": "3.130.86.195",
            "project_id": "69a784ff7161c4577f1961a0",
            "timeouts": null
          },
          "sensitive_attributes": [],
          "dependencies": [
            "data.confluent_ip_addresses.confluent_egress",
            "mongodbatlas_project.trading_project"
          ]
        },
        {
          "index_key": "3.135.41.119/32",
          "schema_version": 0,
          "attributes": {
            "aws_security_group": "",
            "cidr_block": "3.135.41.119/32",
            "comment": "Managed by Terraform: Confluent Cloud Connector Egress IP",
            "id": "ZW50cnk=:My4xMzUuNDEuMTE5LzMy-cHJvamVjdF9pZA==:NjlhNzg0ZmY3MTYxYzQ1NzdmMTk2MWEw",
            "ip_address": "3.135.41.119",
            "project_id": "69a784ff7161c4577f1961a0",
            "timeouts": null
          },
          "sensitive_attributes": [],
          "dependencies": [
            "data.confluent_ip_addresses.confluent_egress",
            "mongodbatlas_project.trading_project"
          ]
        },
        {
          "index_key": "3.135.84.248/32",
          "schema_version": 0,
          "attributes": {
            "aws_security_group": "",
            "cidr_block": "3.135.84.248/32",
            "comment": "Managed by Terraform: Confluent Cloud Connector Egress IP",
            "id": "ZW50cnk=:My4xMzUuODQuMjQ4LzMy-cHJvamVjdF9pZA==:NjlhNzg0ZmY3MTYxYzQ1NzdmMTk2MWEw",
            "ip_address": "3.135.84.248",
            "project_id": "69a784ff7161c4577f1961a0",
            "timeouts": null
          },
          "sensitive_attributes": [],
          "dependencies": [
            "data.confluent_ip_addresses.confluent_egress",
            "mongodbatlas_project.trading_project"
          ]
        },
        {
          "index_key": "3.14.223.77/32",
          "schema_version": 0,
          "attributes": {
            "aws_security_group": "",
            "cidr_block": "3.14.223.77/32",
            "comment": "Managed by Terraform: Confluent Cloud Connector Egress IP",
            "id": "ZW50cnk=:My4xNC4yMjMuNzcvMzI=-cHJvamVjdF9pZA==:NjlhNzg0ZmY3MTYxYzQ1NzdmMTk2MWEw",
            "ip_address": "3.14.223.77",
            "project_id": "69a784ff7161c4577f1961a0",
            "timeouts": null
          },
          "sensitive_attributes": [],
          "dependencies": [
            "data.confluent_ip_addresses.confluent_egress",
            "mongodbatlas_project.trading_project"
          ]
        },
        {
          "index_key": "3.141.214.8/32",
          "schema_version": 0,
          "attributes": {
            "aws_security_group": "",
            "cidr_block": "3.141.214.8/32",
            "comment": "Managed by Terraform: Confluent Cloud Connector Egress IP",
            "id": "ZW50cnk=:My4xNDEuMjE0LjgvMzI=-cHJvamVjdF9pZA==:NjlhNzg0ZmY3MTYxYzQ1NzdmMTk2MWEw",
            "ip_address": "3.141.214.8",
            "project_id": "69a784ff7161c4577f1961a0",
            "timeouts": null
          },
          "sensitive_attributes": [],
          "dependencies": [
            "data.confluent_ip_addresses.confluent_egress",
            "mongodbatlas_project.trading_project"
          ]
        },
        {
          "index_key": "3.141.249.111/32",
          "schema_version": 0,
          "attributes": {
            "aws_security_group": "",
            "cidr_block": "3.141.249.111/32",
            "comment": "Managed by Terraform: Confluent Cloud Connector Egress IP",
            "id": "ZW50cnk=:My4xNDEuMjQ5LjExMS8zMg==-cHJvamVjdF9pZA==:NjlhNzg0ZmY3MTYxYzQ1NzdmMTk2MWEw",
            "ip_address": "3.141.249.111",
            "project_id": "69a784ff7161c4577f1961a0",
            "timeouts": null
          },
          "sensitive_attributes": [],
          "dependencies": [
            "data.confluent_ip_addresses.confluent_egress",
            "mongodbatlas_project.trading_project"
          ]
        },
        {
          "index_key": "3.142.170.223/32",
          "schema_version": 0,
          "attributes": {
            "aws_security_group": "",
            "cidr_block": "3.142.170.223/32",
            "comment": "Managed by Terraform: Confluent Cloud Connector Egress IP",
            "id": "ZW50cnk=:My4xNDIuMTcwLjIyMy8zMg==-cHJvamVjdF9pZA==:NjlhNzg0ZmY3MTYxYzQ1NzdmMTk2MWEw",
            "ip_address": "3.142.170.223",
            "project_id": "69a784ff7161c4577f1961a0",
            "timeouts": null
          },
          "sensitive_attributes": [],
          "dependencies": [
            "data.confluent_ip_addresses.confluent_egress",
            "mongodbatlas_project.trading_project"
          ]
        },
        {
          "index_key": "3.142.20.221/32",
          "schema_version": 0,
          "attributes": {
            "aws_security_group": "",
            "cidr_block": "3.142.20.221/32",
            "comment": "Managed by Terraform: Confluent Cloud Connector Egress IP",
            "id": "ZW50cnk=:My4xNDIuMjAuMjIxLzMy-cHJvamVjdF9pZA==:NjlhNzg0ZmY3MTYxYzQ1NzdmMTk2MWEw",
            "ip_address": "3.142.20.221",
            "project_id": "69a784ff7161c4577f1961a0",
            "timeouts": null
          },
          "sensitive_attributes": [],
          "dependencies": [
            "data.confluent_ip_addresses.confluent_egress",
            "mongodbatlas_project.trading_project"
          ]
        },
        {
          "index_key": "3.19.107.110/32",
          "schema_version": 0,
          "attributes": {
            "aws_security_group": "",
            "cidr_block": "3.19.107.110/32",
            "comment": "Managed by Terraform: Confluent Cloud Connector Egress IP",
            "id": "ZW50cnk=:My4xOS4xMDcuMTEwLzMy-cHJvamVjdF9pZA==:NjlhNzg0ZmY3MTYxYzQ1NzdmMTk2MWEw",
            "ip_address": "3.19.107.110",
            "project_id": "69a784ff7161c4577f1961a0",
            "timeouts": null
          },
          "sensitive_attributes": [],
          "dependencies": [
            "data.confluent_ip_addresses.confluent_egress",
            "mongodbatlas_project.trading_project"
          ]
        },
        {
          "index_key": "3.22.131.240/32",
          "schema_version": 0,
          "attributes": {
            "aws_security_group": "",
            "cidr_block": "3.22.131.240/32",
            "comment": "Managed by Terraform: Confluent Cloud Connector Egress IP",
            "id": "ZW50cnk=:My4yMi4xMzEuMjQwLzMy-cHJvamVjdF9pZA==:NjlhNzg0ZmY3MTYxYzQ1NzdmMTk2MWEw",
            "ip_address": "3.22.131.240",
            "project_id": "69a784ff7161c4577f1961a0",
            "timeouts": null
          },
          "sensitive_attributes": [],
          "dependencies": [
            "data.confluent_ip_addresses.confluent_egress",
            "mongodbatlas_project.trading_project"
          ]
        }
      ]
    }
  ],
  "check_results": null
}
